
Microsoft Visual Studio Solution File, Format Version 12.00
# Visual Studio 15
VisualStudioVersion = 15.0.27004.2009
MinimumVisualStudioVersion = 10.0.40219.1
Project("{E24C65DC-7377-472B-9ABA-BC803B73C61A}") = "NewExercise(1)", "D:\Html\練習\NewExercise\", "{E298704C-0491-423B-B168-A855E6967BEB}"
	ProjectSection(WebsiteProperties) = preProject
		TargetFrameworkMoniker = ".NETFramework,Version%3Dv4.6.1"
		Debug.AspNetCompiler.VirtualPath = "/localhost_64883"
		Debug.AspNetCompiler.PhysicalPath = "D:\Html\練習\NewExercise\"
		Debug.AspNetCompiler.TargetPath = "PrecompiledWeb\localhost_64883\"
		Debug.AspNetCompiler.Updateable = "true"
		Debug.AspNetCompiler.ForceOverwrite = "true"
		Debug.AspNetCompiler.FixedNames = "false"
		Debug.AspNetCompiler.Debug = "True"
		Release.AspNetCompiler.VirtualPath = "/localhost_64883"
		Release.AspNetCompiler.PhysicalPath = "D:\Html\練習\NewExercise\"
		Release.AspNetCompiler.TargetPath = "PrecompiledWeb\localhost_64883\"
		Release.AspNetCompiler.Updateable = "true"
		Release.AspNetCompiler.ForceOverwrite = "true"
		Release.AspNetCompiler.FixedNames = "false"
		Release.AspNetCompiler.Debug = "False"
		VWDPort = "64883"
	EndProjectSection
EndProject
Global
	GlobalSection(SolutionConfigurationPlatforms) = preSolution
		Debug|Any CPU = Debug|Any CPU
	EndGlobalSection
	GlobalSection(ProjectConfigurationPlatforms) = postSolution
		{E298704C-0491-423B-B168-A855E6967BEB}.Debug|Any CPU.ActiveCfg = Debug|Any CPU
		{E298704C-0491-423B-B168-A855E6967BEB}.Debug|Any CPU.Build.0 = Debug|Any CPU
	EndGlobalSection
	GlobalSection(SolutionProperties) = preSolution
		HideSolutionNode = FALSE
	EndGlobalSection
	GlobalSection(ExtensibilityGlobals) = postSolution
		SolutionGuid = {54E55E1C-9958-4743-85D2-1A93EEC8EB60}
	EndGlobalSection
EndGlobal
